
Microsoft Visual Studio Solution File, Format Version 12.00
# Visual Studio Version 17
VisualStudioVersion = 17.3.32929.385
MinimumVisualStudioVersion = 10.0.40219.1
Project("{FAE04EC0-301F-11D3-BF4B-00C04F79EFBC}") = "TodoApi", "TodoApi.csproj", "{56C14900-C54F-476E-B696-8B4048FEA952}"
EndProject
Global
	GlobalSection(SolutionConfigurationPlatforms) = preSolution
		Debug|Any CPU = Debug|Any CPU
		Release|Any CPU = Release|Any CPU
	EndGlobalSection
	GlobalSection(ProjectConfigurationPlatforms) = postSolution
		{56C14900-C54F-476E-B696-8B4048FEA952}.Debug|Any CPU.ActiveCfg = Debug|Any CPU
		{56C14900-C54F-476E-B696-8B4048FEA952}.Debug|Any CPU.Build.0 = Debug|Any CPU
		{56C14900-C54F-476E-B696-8B4048FEA952}.Release|Any CPU.ActiveCfg = Release|Any CPU
		{56C14900-C54F-476E-B696-8B4048FEA952}.Release|Any CPU.Build.0 = Release|Any CPU
	EndGlobalSection
	GlobalSection(SolutionProperties) = preSolution
		HideSolutionNode = FALSE
	EndGlobalSection
	GlobalSection(ExtensibilityGlobals) = postSolution
		SolutionGuid = {06A91E0A-D65A-44BE-8FE5-71EF90881B6D}
	EndGlobalSection
EndGlobal
